github.com/araddon/dateparse v0.0.0-20181123171228-21df004e09ca h1:7tLEgJZb8/+TI8fLso4lINkuSOI4DqQYwhFB+nRH7RQ=
github.com/araddon/dateparse v0.0.0-20181123171228-21df004e09ca/go.mod h1:SLqhdZcd+dF3TEVL2RMoob5bBP5R1P1qkox+HtCBgGI=
github.com/davecgh/go-spew v1.1.0 h1:ZDRjVQ15GmhC3fiQ8ni8+OwkZQO4DARzQgrnXU1Liz8=
github.com/davecgh/go-spew v1.1.0/go.mod h1:J7Y8YcW2NihsgmVo/mv3lAwl/skON4iLHjSsI+c5H38=
github.com/pmezard/go-difflib v1.0.0 h1:4DBwDE0NGyQoBHbLQYPwSUPoCMWR5BEzIk/f1lZbAQM=
github.com/pmezard/go-difflib v1.0.0/go.mod h1:iKH77koFhYxTK1pcRnkKkqfTogsbg7gZNVY4sRDYZ/4=
github.com/proemergotech/errors/v2 v2.0.0 h1:wNHZOMnDV95Su5jseNlopKv5kxv2f41frl3enghl/jo=
github.com/proemergotech/errors/v2 v2.0.0/go.mod h1:gCeVJJcI1aU2BiaN/N99Fmd6CDsIRXMGOht80M3cWEg=
github.com/simplereach/timeutils v1.2.0 h1:btgOAlu9RW6de2r2qQiONhjgxdAG7BL6je0G6J/yPnA=
github.com/simplereach/timeutils v1.2.0/go.mod h1:VVbQDfN/FHRZa1LSqcwo4kNZ62OOyqLLGQKYB3pB0Q8=
github.com/stretchr/objx v0.1.0/go.mod h1:HFkY916IF+rwdDfMAkV7OtwuqBVzrE8GR6GFx+wExME=
github.com/stretchr/testify v1.3.0 h1:TivCn/peBQ7UY8ooIcPgZFpTNSz0Q2U6UrFlUfqbe0Q=
github.com/stretchr/testify v1.3.0/go.mod h1:M5WIy9Dh21IEIfnGCwXGc5bZfKNJtfHm1UVUgZn+9EI=
gopkg.in/mgo.v2 v2.0.0-20190816093944-a6b53ec6cb22 h1:VpOs+IwYnYBaFnrNAeB8UUWtL3vEUnzSCL1nVjPhqrw=
gopkg.in/mgo.v2 v2.0.0-20190816093944-a6b53ec6cb22/go.mod h1:yeKp02qBN3iKW1OzL3MGk2IdtZzaj7SFntXj72NppTA=
